
Microsoft Visual Studio Solution File, Format Version 12.00
# Visual Studio 15
VisualStudioVersion = 15.0.28307.421
MinimumVisualStudioVersion = 10.0.40219.1
Project("{FAE04EC0-301F-11D3-BF4B-00C04F79EFBC}") = "ClassLibrary", "ClassLibrary\ClassLibrary.csproj", "{7D6D9CFA-D959-4D0D-9C40-837E339EC99A}"
EndProject
Project("{FAE04EC0-301F-11D3-BF4B-00C04F79EFBC}") = "WpfGUI", "WpfGUI\WpfGUI.csproj", "{E95D7A6F-E0AF-4539-89B8-BA7F93D48524}"
EndProject
Project("{FAE04EC0-301F-11D3-BF4B-00C04F79EFBC}") = "Tests", "SimulationApplicationTests\Tests.csproj", "{0D948629-F064-454A-A082-B8D687286E68}"
EndProject
Global
	GlobalSection(SolutionConfigurationPlatforms) = preSolution
		Debug|Any CPU = Debug|Any CPU
		Release|Any CPU = Release|Any CPU
	EndGlobalSection
	GlobalSection(ProjectConfigurationPlatforms) = postSolution
		{7D6D9CFA-D959-4D0D-9C40-837E339EC99A}.Debug|Any CPU.ActiveCfg = Debug|Any CPU
		{7D6D9CFA-D959-4D0D-9C40-837E339EC99A}.Debug|Any CPU.Build.0 = Debug|Any CPU
		{7D6D9CFA-D959-4D0D-9C40-837E339EC99A}.Release|Any CPU.ActiveCfg = Release|Any CPU
		{7D6D9CFA-D959-4D0D-9C40-837E339EC99A}.Release|Any CPU.Build.0 = Release|Any CPU
		{E95D7A6F-E0AF-4539-89B8-BA7F93D48524}.Debug|Any CPU.ActiveCfg = Debug|Any CPU
		{E95D7A6F-E0AF-4539-89B8-BA7F93D48524}.Debug|Any CPU.Build.0 = Debug|Any CPU
		{E95D7A6F-E0AF-4539-89B8-BA7F93D48524}.Release|Any CPU.ActiveCfg = Release|Any CPU
		{E95D7A6F-E0AF-4539-89B8-BA7F93D48524}.Release|Any CPU.Build.0 = Release|Any CPU
		{0D948629-F064-454A-A082-B8D687286E68}.Debug|Any CPU.ActiveCfg = Debug|Any CPU
		{0D948629-F064-454A-A082-B8D687286E68}.Debug|Any CPU.Build.0 = Debug|Any CPU
		{0D948629-F064-454A-A082-B8D687286E68}.Release|Any CPU.ActiveCfg = Release|Any CPU
		{0D948629-F064-454A-A082-B8D687286E68}.Release|Any CPU.Build.0 = Release|Any CPU
	EndGlobalSection
	GlobalSection(SolutionProperties) = preSolution
		HideSolutionNode = FALSE
	EndGlobalSection
	GlobalSection(ExtensibilityGlobals) = postSolution
		SolutionGuid = {426253D2-195D-46D9-825F-A3859115A353}
	EndGlobalSection
EndGlobal
